
Microsoft Visual Studio Solution File, Format Version 12.00
# Visual Studio 15
VisualStudioVersion = 15.0.27130.2036
MinimumVisualStudioVersion = 10.0.40219.1
Project("{FAE04EC0-301F-11D3-BF4B-00C04F79EFBC}") = "ICLSearchDetail.Web", "ICLSearchDetail.Web\ICLSearchDetail.Web.csproj", "{24AAFFD1-4CAC-47E0-86F1-5E78C4CA5F4F}"
EndProject
Project("{2150E333-8FDC-42A3-9474-1A3956D46DE8}") = "WEB", "WEB", "{D5E3F487-2EE6-45D8-B669-C8B9B6781C58}"
EndProject
Global
	GlobalSection(SolutionConfigurationPlatforms) = preSolution
		Debug|Any CPU = Debug|Any CPU
		Release|Any CPU = Release|Any CPU
	EndGlobalSection
	GlobalSection(ProjectConfigurationPlatforms) = postSolution
		{24AAFFD1-4CAC-47E0-86F1-5E78C4CA5F4F}.Debug|Any CPU.ActiveCfg = Debug|Any CPU
		{24AAFFD1-4CAC-47E0-86F1-5E78C4CA5F4F}.Debug|Any CPU.Build.0 = Debug|Any CPU
		{24AAFFD1-4CAC-47E0-86F1-5E78C4CA5F4F}.Release|Any CPU.ActiveCfg = Release|Any CPU
		{24AAFFD1-4CAC-47E0-86F1-5E78C4CA5F4F}.Release|Any CPU.Build.0 = Release|Any CPU
	EndGlobalSection
	GlobalSection(SolutionProperties) = preSolution
		HideSolutionNode = FALSE
	EndGlobalSection
	GlobalSection(NestedProjects) = preSolution
		{24AAFFD1-4CAC-47E0-86F1-5E78C4CA5F4F} = {D5E3F487-2EE6-45D8-B669-C8B9B6781C58}
	EndGlobalSection
	GlobalSection(ExtensibilityGlobals) = postSolution
		SolutionGuid = {7DDF408B-7883-4435-A759-FC6D2C54BBE7}
	EndGlobalSection
EndGlobal
